github.com/cpuguy83/go-md2man/v2 v2.0.2/go.mod h1:tgQtvFlXSQOSOSIRvRPT7W67SCa46tRHOmNcaadrF8o=
github.com/inconshreveable/mousetrap v1.0.1 h1:U3uMjPSQEBMNp1lFxmllqCPM6P5u/Xq7Pgzkat/bFNc=
github.com/inconshreveable/mousetrap v1.0.1/go.mod h1:vpF70FUmC8bwa3OWnCshd2FqLfsEA9PFc4w1p2J65bw=
github.com/mdyssr/prayers v0.0.0-20221014014536-0da46f75871a h1:QLw+dITrMCxPKyjEf8EW8qQJ0YElOJnzL170cSDpwhw=
github.com/mdyssr/prayers v0.0.0-20221014014536-0da46f75871a/go.mod h1:igLgwh22Fu31E8F6VoIC6SW4DnMkdytFROHAgVqAXmc=
github.com/mdyssr/prayers v0.0.0-20221014015406-12cdfb7ae864 h1:ZO6Zrha+kDEPAnO9d11j1B6Ieq3tuor0EAwAZ6YHJ/U=
github.com/mdyssr/prayers v0.0.0-20221014015406-12cdfb7ae864/go.mod h1:igLgwh22Fu31E8F6VoIC6SW4DnMkdytFROHAgVqAXmc=
github.com/mdyssr/prayers v0.0.0-20221014015652-110989bdc07f h1:WC6U1nQew1sEZz5lS1CBLPF6ix7svYJPKcz5VkPSzTE=
github.com/mdyssr/prayers v0.0.0-20221014015652-110989bdc07f/go.mod h1:igLgwh22Fu31E8F6VoIC6SW4DnMkdytFROHAgVqAXmc=
github.com/mdyssr/prayers v0.0.0-20221014020226-e96f4c3fc39b h1:9+8Mry7EeQziDqmH0XTxfJLZiGV5PFaweMs7mppirTc=
github.com/mdyssr/prayers v0.0.0-20221014020226-e96f4c3fc39b/go.mod h1:igLgwh22Fu31E8F6VoIC6SW4DnMkdytFROHAgVqAXmc=
github.com/mdyssr/prayers v0.0.0-20221014020955-20378ef9e056 h1:X+aaCDDLa9rfz3rg9YeEUKcQhteCFNdXdSjEB34fja8=
github.com/mdyssr/prayers v0.0.0-20221014020955-20378ef9e056/go.mod h1:igLgwh22Fu31E8F6VoIC6SW4DnMkdytFROHAgVqAXmc=
github.com/mdyssr/prayers v0.0.0-20221014120643-ba401a03a0aa h1:dFqWmJpSexU6yYNbqd27foh6VhK1WLjE6HZbH+X2WDo=
github.com/mdyssr/prayers v0.0.0-20221014120643-ba401a03a0aa/go.mod h1:igLgwh22Fu31E8F6VoIC6SW4DnMkdytFROHAgVqAXmc=
github.com/russross/blackfriday/v2 v2.1.0/go.mod h1:+Rmxgy9KzJVeS9/2gXHxylqXiyQDYRxCVz55jmeOWTM=
github.com/spf13/cobra v1.6.0 h1:42a0n6jwCot1pUmomAp4T7DeMD+20LFv4Q54pxLf2LI=
github.com/spf13/cobra v1.6.0/go.mod h1:IOw/AERYS7UzyrGinqmz6HLUo219MORXGxhbaJUqzrY=
github.com/spf13/pflag v1.0.5 h1:iy+VFUOCP1a+8yFto/drg2CJ5u0yRoB7fZw3DKv/JXA=
github.com/spf13/pflag v1.0.5/go.mod h1:McXfInJRrz4CZXVZOBLb0bTZqETkiAhM9Iw0y3An2Bg=
gopkg.in/check.v1 v0.0.0-20161208181325-20d25e280405/go.mod h1:Co6ibVJAznAaIkqp8huTwlJQCZ016jof/cbN4VW5Yz0=
gopkg.in/yaml.v3 v3.0.1/go.mod h1:K4uyk7z7BCEPqu6E+C64Yfv1cQ7kz7rIZviUmN+EgEM=
